# This file is @generated by PDM.
# It is not intended for manual editing.

[[package]]
name = "iso8601"
version = "2.0.0"
requires_python = ">=3.7,<4.0"
summary = "Simple module to parse ISO 8601 dates"

[[package]]
name = "m3u8"
version = "3.5.0"
requires_python = ">=3.6"
summary = "Python m3u8 parser"
dependencies = [
    "iso8601",
]

[metadata]
lock_version = "4.2"
cross_platform = true
groups = ["default"]
content_hash = "sha256:d1e94ebedea77590977ef011df46d548fcefae686ba684c67d84233c39da6a54"

[metadata.files]
"iso8601 2.0.0" = [
    {url = "https://files.pythonhosted.org/packages/12/e4/032a8569b75a79057f0c72b4f4a69434fd21922bce7bfe054e0e9f367861/iso8601-2.0.0-py3-none-any.whl", hash = "sha256:ebe10061b932edb8a8e33cc635d661926c59b9c3bed7a4f4edca8c62d400af10"},
    {url = "https://files.pythonhosted.org/packages/27/23/97cd1cb5792ece594ec5cf16cc4921f91838c689c82c8078ee442751f8dc/iso8601-2.0.0.tar.gz", hash = "sha256:739960d37c74c77bd9bd546a76562ccb581fe3d4820ff5c3141eb49c839fda8f"},
]
"m3u8 3.5.0" = [
    {url = "https://files.pythonhosted.org/packages/05/97/e1279c9f025838df264c6643b132a6f3778f8215281fc501644547a821a9/m3u8-3.5.0.tar.gz", hash = "sha256:b2eeaa768de574c9d05aad135b1073992927ce0a20b968ebb13f3a183fa92488"},
    {url = "https://files.pythonhosted.org/packages/2b/d6/5fe973d599ddc44ec0e52fe6727e89f18a9bffd4b1a2dfb8318d4d371bf2/m3u8-3.5.0-py3-none-any.whl", hash = "sha256:e69c76055c32643b8a6cd0d8113fa76ed37f49aec74fcc9e1b97e287545306d8"},
]
